
Microsoft Visual Studio Solution File, Format Version 12.00
# Visual Studio Version 17
VisualStudioVersion = 17.13.35931.197 d17.13
MinimumVisualStudioVersion = 10.0.40219.1
Project("{FAE04EC0-301F-11D3-BF4B-00C04F79EFBC}") = "KlientBank", "KlientBank\KlientBank.csproj", "{D65385AE-A5EF-43E6-8635-8E36F4599F3A}"
EndProject
Global
	GlobalSection(SolutionConfigurationPlatforms) = preSolution
		Debug|Any CPU = Debug|Any CPU
		Release|Any CPU = Release|Any CPU
	EndGlobalSection
	GlobalSection(ProjectConfigurationPlatforms) = postSolution
		{D65385AE-A5EF-43E6-8635-8E36F4599F3A}.Debug|Any CPU.ActiveCfg = Debug|Any CPU
		{D65385AE-A5EF-43E6-8635-8E36F4599F3A}.Debug|Any CPU.Build.0 = Debug|Any CPU
		{D65385AE-A5EF-43E6-8635-8E36F4599F3A}.Release|Any CPU.ActiveCfg = Release|Any CPU
		{D65385AE-A5EF-43E6-8635-8E36F4599F3A}.Release|Any CPU.Build.0 = Release|Any CPU
	EndGlobalSection
	GlobalSection(SolutionProperties) = preSolution
		HideSolutionNode = FALSE
	EndGlobalSection
	GlobalSection(ExtensibilityGlobals) = postSolution
		SolutionGuid = {E92D86B9-9637-4610-A25E-7C6AD3E02D99}
	EndGlobalSection
EndGlobal
